Microsoft Visual Studio Solution File, Format Version 12.00
# Visual Studio 15
Project("{FAE04EC0-301F-11D3-BF4B-00C04F79EFBC}") = "Assembly-CSharp", "Assembly-CSharp.csproj", "{55BAD83C-8537-A9C6-64E3-7443AB58A86A}"
EndProject
Global
	GlobalSection(SolutionConfigurationPlatforms) = preSolution
		Debug|Any CPU = Debug|Any CPU
		Release|Any CPU = Release|Any CPU
	EndGlobalSection
	GlobalSection(ProjectConfigurationPlatforms) = postSolution
		{55BAD83C-8537-A9C6-64E3-7443AB58A86A}.Debug|Any CPU.ActiveCfg = Debug|Any CPU
		{55BAD83C-8537-A9C6-64E3-7443AB58A86A}.Debug|Any CPU.Build.0 = Debug|Any CPU
		{55BAD83C-8537-A9C6-64E3-7443AB58A86A}.Release|Any CPU.ActiveCfg = Release|Any CPU
		{55BAD83C-8537-A9C6-64E3-7443AB58A86A}.Release|Any CPU.Build.0 = Release|Any CPU
	EndGlobalSection
	GlobalSection(SolutionProperties) = preSolution
		HideSolutionNode = FALSE
	EndGlobalSection
EndGlobal
